// !$*UTF8*$!
{
	archiveVersion = 1;
	classes = {
	};
	objectVersion = 46;
	objects = {

/* Begin PBXBuildFile section */
		DEE0EB9D1B67950700C475F8 /* main.cpp in Sources */ = {isa = PBXBuildFile; fileRef = DEE0EB9C1B67950700C475F8 /* main.cpp */; };
/* End PBXBuildFile section */

/* Begin PBXCopyFilesBuildPhase section */
		DEE0EB971B67950700C475F8 /* CopyFiles */ = {
			isa = PBXCopyFilesBuildPhase;
			buildActionMask = 2147483647;
			dstPath = /usr/share/man/man1/;
			dstSubfolderSpec = 0;
			files = (
			);
			runOnlyForDeploymentPostprocessing = 1;
		};
/* End PBXCopyFilesBuildPhase section */

/* Begin PBXFileReference section */
		DEE0EB991B67950700C475F8 /* Best Time to Buy and Sell Stock */ = {isa = PBXFileReference; explicitFileType = "compiled.mach-o.executable"; includeInIndex = 0; path = "Best Time to Buy and Sell Stock"; sourceTree = BUILT_PRODUCTS_DIR; };
		DEE0EB9C1B67950700C475F8 /* main.cpp */ = {isa = PBXFileReference; lastKnownFileType = sourcecode.cpp.cpp; path = main.cpp; sourceTree = "<group>"; };
/* End PBXFileReference section */

/* Begin PBXFrameworksBuildPhase section */
		DEE0EB961B67950700C475F8 /* Frameworks */ = {
			isa = PBXFrameworksBuildPhase;
			buildActionMask = 2147483647;
			files = (
			);
			runOnlyForDeploymentPostprocessing = 0;
		};
/* End PBXFrameworksBuildPhase section */

/* Begin PBXGroup section */
		DEE0EB901B67950700C475F8 = {
			isa = PBXGroup;
			children = (
				DEE0EB9B1B67950700C475F8 /* Best Time to Buy and Sell Stock */,
				DEE0EB9A1B67950700C475F8 /* Products */,
			);
			sourceTree = "<group>";
		};
		DEE0EB9A1B67950700C475F8 /* Products */ = {
			isa = PBXGroup;
			children = (
				DEE0EB991B67950700C475F8 /* Best Time to Buy and Sell Stock */,
			);
			name = Products;
			sourceTree = "<group>";
		};
		DEE0EB9B1B67950700C475F8 /* Best Time to Buy and Sell Stock */ = {
			isa = PBXGroup;
			children = (
				DEE0EB9C1B67950700C475F8 /* main.cpp */,
			);
			path = "Best Time to Buy and Sell Stock";
			sourceTree = "<group>";
		};
/* End PBXGroup section */

/* Begin PBXNativeTarget section */
		DEE0EB981B67950700C475F8 /* Best Time to Buy and Sell Stock */ = {
			isa = PBXNativeTarget;
			buildConfigurationList = DEE0EBA01B67950700C475F8 /* Build configuration list for PBXNativeTarget "Best Time to Buy and Sell Stock" */;
			buildPhases = (
				DEE0EB951B67950700C475F8 /* Sources */,
				DEE0EB961B67950700C475F8 /* Frameworks */,
				DEE0EB971B67950700C475F8 /* CopyFiles */,
			);
			buildRules = (
			);
			dependencies = (
			);
			name = "Best Time to Buy and Sell Stock";
			productName = "Best Time to Buy and Sell Stock";
			productReference = DEE0EB991B67950700C475F8 /* Best Time to Buy and Sell Stock */;
			productType = "com.apple.product-type.tool";
		};
/* End PBXNativeTarget section */

/* Begin PBXProject section */
		DEE0EB911B67950700C475F8 /* Project object */ = {
			isa = PBXProject;
			attributes = {
				LastUpgradeCheck = 0610;
				ORGANIZATIONNAME = zhangwenze;
				TargetAttributes = {
					DEE0EB981B67950700C475F8 = {
						CreatedOnToolsVersion = 6.1.1;
					};
				};
			};
			buildConfigurationList = DEE0EB941B67950700C475F8 /* Build configuration list for PBXProject "Best Time to Buy and Sell Stock" */;
			compatibilityVersion = "Xcode 3.2";
			developmentRegion = English;
			hasScannedForEncodings = 0;
			knownRegions = (
				en,
			);
			mainGroup = DEE0EB901B67950700C475F8;
			productRefGroup = DEE0EB9A1B67950700C475F8 /* Products */;
			projectDirPath = "";
			projectRoot = "";
			targets = (
				DEE0EB981B67950700C475F8 /* Best Time to Buy and Sell Stock */,
			);
		};
/* End PBXProject section */

/* Begin PBXSourcesBuildPhase section */
		DEE0EB951B67950700C475F8 /* Sources */ = {
			isa = PBXSourcesBuildPhase;
			buildActionMask = 2147483647;
			files = (
				DEE0EB9D1B67950700C475F8 /* main.cpp in Sources */,
			);
			runOnlyForDeploymentPostprocessing = 0;
		};
/* End PBXSourcesBuildPhase section */

/* Begin XCBuildConfiguration section */
		DEE0EB9E1B67950700C475F8 /* Debug */ = {
			isa = XCBuildConfiguration;
			buildSettings = {
				ALWAYS_SEARCH_USER_PATHS = NO;
				CLANG_CXX_LANGUAGE_STANDARD = "gnu++0x";
				CLANG_CXX_LIBRARY = "libc++";
				CLANG_ENABLE_MODULES = YES;
				CLANG_ENABLE_OBJC_ARC = YES;
				CLANG_WARN_BOOL_CONVERSION = YES;
				CLANG_WARN_CONSTANT_CONVERSION = YES;
				CLANG_WARN_DIRECT_OBJC_ISA_USAGE = YES_ERROR;
				CLANG_WARN_EMPTY_BODY = YES;
				CLANG_WARN_ENUM_CONVERSION = YES;
				CLANG_WARN_INT_CONVERSION = YES;
				CLANG_WARN_OBJC_ROOT_CLASS = YES_ERROR;
				CLANG_WARN_UNREACHABLE_CODE = YES;
				CLANG_WARN__DUPLICATE_METHOD_MATCH = YES;
				COPY_PHASE_STRIP = NO;
				ENABLE_STRICT_OBJC_MSGSEND = YES;
				GCC_C_LANGUAGE_STANDARD = gnu99;
				GCC_DYNAMIC_NO_PIC = NO;
				GCC_OPTIMIZATION_LEVEL = 0;
				GCC_PREPROCESSOR_DEFINITIONS = (
					"DEBUG=1",
					"$(inherited)",
				);
				GCC_SYMBOLS_PRIVATE_EXTERN = NO;
				GCC_WARN_64_TO_32_BIT_CONVERSION = YES;
				GCC_WARN_ABOUT_RETURN_TYPE = YES_ERROR;
				GCC_WARN_UNDECLARED_SELECTOR = YES;
				GCC_WARN_UNINITIALIZED_AUTOS = YES_AGGRESSIVE;
				GCC_WARN_UNUSED_FUNCTION = YES;
				GCC_WARN_UNUSED_VARIABLE = YES;
				MACOSX_DEPLOYMENT_TARGET = 10.10;
				MTL_ENABLE_DEBUG_INFO = YES;
				ONLY_ACTIVE_ARCH = YES;
				SDKROOT = macosx;
			};
			name = Debug;
		};
		DEE0EB9F1B67950700C475F8 /* Release */ = {
			isa = XCBuildConfiguration;
			buildSettings = {
				ALWAYS_SEARCH_USER_PATHS = NO;
				CLANG_CXX_LANGUAGE_STANDARD = "gnu++0x";
				CLANG_CXX_LIBRARY = "libc++";
				CLANG_ENABLE_MODULES = YES;
				CLANG_ENABLE_OBJC_ARC = YES;
				CLANG_WARN_BOOL_CONVERSION = YES;
				CLANG_WARN_CONSTANT_CONVERSION = YES;
				CLANG_WARN_DIRECT_OBJC_ISA_USAGE = YES_ERROR;
				CLANG_WARN_EMPTY_BODY = YES;
				CLANG_WARN_ENUM_CONVERSION = YES;
				CLANG_WARN_INT_CONVERSION = YES;
				CLANG_WARN_OBJC_ROOT_CLASS = YES_ERROR;
				CLANG_WARN_UNREACHABLE_CODE = YES;
				CLANG_WARN__DUPLICATE_METHOD_MATCH = YES;
				COPY_PHASE_STRIP = YES;
				DEBUG_INFORMATION_FORMAT = "dwarf-with-dsym";
				ENABLE_NS_ASSERTIONS = NO;
				ENABLE_STRICT_OBJC_MSGSEND = YES;
				GCC_C_LANGUAGE_STANDARD = gnu99;
				GCC_WARN_64_TO_32_BIT_CONVERSION = YES;
				GCC_WARN_ABOUT_RETURN_TYPE = YES_ERROR;
				GCC_WARN_UNDECLARED_SELECTOR = YES;
				GCC_WARN_UNINITIALIZED_AUTOS = YES_AGGRESSIVE;
				GCC_WARN_UNUSED_FUNCTION = YES;
				GCC_WARN_UNUSED_VARIABLE = YES;
				MACOSX_DEPLOYMENT_TARGET = 10.10;
				MTL_ENABLE_DEBUG_INFO = NO;
				SDKROOT = macosx;
			};
			name = Release;
		};
		DEE0EBA11B67950700C475F8 /* Debug */ = {
			isa = XCBuildConfiguration;
			buildSettings = {
				PRODUCT_NAME = "$(TARGET_NAME)";
			};
			name = Debug;
		};
		DEE0EBA21B67950700C475F8 /* Release */ = {
			isa = XCBuildConfiguration;
			buildSettings = {
				PRODUCT_NAME = "$(TARGET_NAME)";
			};
			name = Release;
		};
/* End XCBuildConfiguration section */

/* Begin XCConfigurationList section */
		DEE0EB941B67950700C475F8 /* Build configuration list for PBXProject "Best Time to Buy and Sell Stock" */ = {
			isa = XCConfigurationList;
			buildConfigurations = (
				DEE0EB9E1B67950700C475F8 /* Debug */,
				DEE0EB9F1B67950700C475F8 /* Release */,
			);
			defaultConfigurationIsVisible = 0;
			defaultConfigurationName = Release;
		};
		DEE0EBA01B67950700C475F8 /* Build configuration list for PBXNativeTarget "Best Time to Buy and Sell Stock" */ = {
			isa = XCConfigurationList;
			buildConfigurations = (
				DEE0EBA11B67950700C475F8 /* Debug */,
				DEE0EBA21B67950700C475F8 /* Release */,
			);
			defaultConfigurationIsVisible = 0;
		};
/* End XCConfigurationList section */
	};
	rootObject = DEE0EB911B67950700C475F8 /* Project object */;
}
